
Microsoft Visual Studio Solution File, Format Version 12.00
# Visual Studio Version 17
VisualStudioVersion = 17.14.36221.1
MinimumVisualStudioVersion = 10.0.40219.1
Project("{FAE04EC0-301F-11D3-BF4B-00C04F79EFBC}") = "Blazor.Radzen.Theming.Updater", "Blazor.Radzen.Theming.Updater\Blazor.Radzen.Theming.Updater.csproj", "{4D4D3365-4E4D-474A-8600-4D8BB9E93FF4}"
EndProject
Project("{2150E333-8FDC-42A3-9474-1A3956D46DE8}") = "Solution Items", "Solution Items", "{02EA681E-C7D8-13C7-8484-4AC65E1B71E8}"
	ProjectSection(SolutionItems) = preProject
		.editorconfig = .editorconfig
		.gitignore = .gitignore
		LICENSE = LICENSE
		README.md = README.md
	EndProjectSection
EndProject
Global
	GlobalSection(SolutionConfigurationPlatforms) = preSolution
		Debug|Any CPU = Debug|Any CPU
		Release|Any CPU = Release|Any CPU
	EndGlobalSection
	GlobalSection(ProjectConfigurationPlatforms) = postSolution
		{4D4D3365-4E4D-474A-8600-4D8BB9E93FF4}.Debug|Any CPU.ActiveCfg = Debug|Any CPU
		{4D4D3365-4E4D-474A-8600-4D8BB9E93FF4}.Debug|Any CPU.Build.0 = Debug|Any CPU
		{4D4D3365-4E4D-474A-8600-4D8BB9E93FF4}.Release|Any CPU.ActiveCfg = Release|Any CPU
		{4D4D3365-4E4D-474A-8600-4D8BB9E93FF4}.Release|Any CPU.Build.0 = Release|Any CPU
	EndGlobalSection
	GlobalSection(SolutionProperties) = preSolution
		HideSolutionNode = FALSE
	EndGlobalSection
	GlobalSection(ExtensibilityGlobals) = postSolution
		SolutionGuid = {9780F5FE-DAE6-4A5B-BD07-AFD51127FB21}
	EndGlobalSection
EndGlobal
